
Microsoft Visual Studio Solution File, Format Version 12.00
# Visual Studio Version 16
VisualStudioVersion = 16.0.29409.12
MinimumVisualStudioVersion = 10.0.40219.1
Project("{FAE04EC0-301F-11D3-BF4B-00C04F79EFBC}") = "PCCpro", "PCCpro\PCCpro.csproj", "{548D1F2C-C181-429B-8D3C-D24ECE4A8622}"
EndProject
Global
	GlobalSection(SolutionConfigurationPlatforms) = preSolution
		Debug|Any CPU = Debug|Any CPU
		Release|Any CPU = Release|Any CPU
	EndGlobalSection
	GlobalSection(ProjectConfigurationPlatforms) = postSolution
		{548D1F2C-C181-429B-8D3C-D24ECE4A8622}.Debug|Any CPU.ActiveCfg = Debug|Any CPU
		{548D1F2C-C181-429B-8D3C-D24ECE4A8622}.Debug|Any CPU.Build.0 = Debug|Any CPU
		{548D1F2C-C181-429B-8D3C-D24ECE4A8622}.Release|Any CPU.ActiveCfg = Release|Any CPU
		{548D1F2C-C181-429B-8D3C-D24ECE4A8622}.Release|Any CPU.Build.0 = Release|Any CPU
	EndGlobalSection
	GlobalSection(SolutionProperties) = preSolution
		HideSolutionNode = FALSE
	EndGlobalSection
	GlobalSection(ExtensibilityGlobals) = postSolution
		SolutionGuid = {5DB22B6D-34E5-417F-89D5-A4E710DC4C2B}
	EndGlobalSection
EndGlobal
